PODS:
  - ARAnalytics/CoreIOS (2.8.0)
  - ARAnalytics/HockeyApp (2.8.0):
    - ARAnalytics/CoreIOS
    - HockeySDK (= 3.5.4)
  - ARAnalytics/Mixpanel (2.8.0):
    - ARAnalytics/CoreIOS
    - Mixpanel
  - ARCollectionViewMasonryLayout (2.0.0)
  - Artsy+UIColors (1.0.0):
    - EDColor (~> 0.4)
  - Artsy+UIFonts (1.0.0)
  - Artsy+UILabels (1.2.0):
    - Artsy+UIColors
  - Artsy-UIButtons (1.0.0):
    - Artsy+UIColors
  - CardFlight (1.6.3):
    - CardFlight/AudioJack
  - CardFlight/AudioJack (1.6.3)
  - ECPhoneNumberFormatter (0.1.1)
  - EDColor (0.4.0)
  - FBSnapshotTestCase (1.1)
  - FLKAutoLayout (0.1.1)
  - HockeySDK (3.5.4)
  - ISO8601DateFormatter (0.7)
  - Mixpanel (2.5.3)
  - ORStackView (1.2.0):
    - FLKAutoLayout (~> 0.1)
  - Reveal-iOS-SDK (1.0.5)
  - SDWebImage (3.7.1):
    - SDWebImage/Core
  - SDWebImage/Core (3.7.1)

DEPENDENCIES:
  - ARAnalytics/HockeyApp
  - ARAnalytics/Mixpanel
  - ARCollectionViewMasonryLayout (~> 2.0.0)
  - Artsy+UIColors
  - Artsy+UIFonts
  - Artsy+UILabels
  - Artsy-UIButtons
  - CardFlight
  - ECPhoneNumberFormatter
  - FBSnapshotTestCase (from `https://github.com/AshFurrow/ios-snapshot-test-case.git`, branch `renderAsLayer`)
  - FLKAutoLayout
  - HockeySDK (= 3.5.4)
  - ISO8601DateFormatter (= 0.7)
  - ORStackView
  - Reveal-iOS-SDK
  - SDWebImage (~> 3.7)

EXTERNAL SOURCES:
  FBSnapshotTestCase:
    :branch: renderAsLayer
    :git: https://github.com/AshFurrow/ios-snapshot-test-case.git

SPEC CHECKSUMS:
  ARAnalytics: 93c5b65989145f88f4d45e262612eac277b0c219
  ARCollectionViewMasonryLayout: 40993cb65522139cb2cd6ed255c91a6caee5c4dd
  Artsy+UIColors: d1d5e084a0e542d310c507acb5446bae6a322241
  Artsy+UIFonts: fb0a70f93ca888d45a3af751707701fe8cbeae2a
  Artsy+UILabels: f327cdd339e99fb1a1ff26b9e5caf89545917b8c
  Artsy-UIButtons: d1b5b71137c09278dbb50f036285e371d7a433f6
  CardFlight: 949261a10123152112e920d87e9163e27c445205
  ECPhoneNumberFormatter: 5e178027d1d43472187c3f623e7b69b89fdb3187
  EDColor: bcdb8600b7a456f4408ce1d7e7fc001588919254
  FBSnapshotTestCase: 188c80bfcb72e744eb0b99d45989d12687c40cf8
  FLKAutoLayout: 9fa39aac2903b274fbeed6be74154cdb937a04fc
  HockeySDK: bf0e17f8d0c2b4778dff5ffd42248569a007ccbf
  ISO8601DateFormatter: 59731cd880cf87e71b4fa95f0d6b713dcbc4cbce
  Mixpanel: 708ec9a6ee6e741f7db107831e18b2fc2e7531f1
  ORStackView: f1ccef4a0c40dd7907a638232f78a873cc03ab6c
  Reveal-iOS-SDK: d4b2f4c20d5b823b7f8b88250fe1b71cecd424a7
  SDWebImage: 116e88633b5b416ea0ca4b334a4ac59cf72dd38d

COCOAPODS: 0.34.1
