PODS:
  - Alamofire (1.1.0)
  - ARAnalytics/CoreIOS (2.8.0)
  - ARAnalytics/HockeyApp (2.8.0):
    - ARAnalytics/CoreIOS
    - HockeySDK (= 3.5.4)
  - ARAnalytics/Mixpanel (2.8.0):
    - ARAnalytics/CoreIOS
    - Mixpanel
  - ARCollectionViewMasonryLayout (2.0.0)
  - ARTiledImageView (1.2):
    - SDWebImage/Core
  - Artsy+UIColors (1.0.0):
    - EDColor (~> 0.4)
  - Artsy+UIFonts (1.0.0)
  - Artsy+UILabels (1.3.1):
    - Artsy+UIColors
  - Artsy-UIButtons (1.2.0):
    - Artsy+UIColors
  - balanced-ios (0.5)
  - CardFlight (1.8.3):
    - CardFlight/AudioJack (= 1.8.3)
  - CardFlight/AudioJack (1.8.3)
  - DZNWebViewController (2.0):
    - NJKWebViewProgress (~> 0.2)
  - ECPhoneNumberFormatter (0.1.1)
  - EDColor (0.4.0)
  - FBSnapshotTestCase (HEAD based on 1.4)
  - FLKAutoLayout (0.1.1)
  - fmemopen (0.0.1)
  - HockeySDK (3.5.4)
  - ISO8601DateFormatter (0.7)
  - LlamaKit (0.1.0)
  - Mixpanel (2.5.4)
  - Moya/Core (0.5):
    - Alamofire
  - Moya/Reactive (0.5):
    - Moya/Core
    - ReactiveCocoa
  - Nimble (0.1.0)
  - Nimble-Snapshots (0.0.1):
    - FBSnapshotTestCase
    - Nimble
  - NJKWebViewProgress (0.2.3):
    - NJKWebViewProgress/Core (= 0.2.3)
    - NJKWebViewProgress/ProgressView (= 0.2.3)
  - NJKWebViewProgress/Core (0.2.3)
  - NJKWebViewProgress/ProgressView (0.2.3)
  - ORStackView (2.0.0):
    - FLKAutoLayout (~> 0.1)
  - Quick (0.2.0)
  - Reachability (3.1.1)
  - ReactiveCocoa (2.3.1):
    - LlamaKit
    - ReactiveCocoa/UI (= 2.3.1)
  - ReactiveCocoa/Core (2.3.1):
    - LlamaKit
    - ReactiveCocoa/no-arc
  - ReactiveCocoa/no-arc (2.3.1):
    - LlamaKit
  - ReactiveCocoa/UI (2.3.1):
    - LlamaKit
    - ReactiveCocoa/Core
  - SDWebImage (3.7.1):
    - SDWebImage/Core (= 3.7.1)
  - SDWebImage/Core (3.7.1)
  - SwiftyJSON (2.1.1)
  - UIImageViewAligned (0.0.1)
  - XCGLogger (0.0.1)
  - XNGMarkdownParser (0.2.0):
    - fmemopen

DEPENDENCIES:
  - Alamofire (from `https://github.com/mrackwitz/Alamofire.git`, branch `podspec`)
  - ARAnalytics/HockeyApp
  - ARAnalytics/Mixpanel
  - ARCollectionViewMasonryLayout (~> 2.0.0)
  - ARTiledImageView (from `https://github.com/dblock/ARTiledImageView.git`)
  - Artsy+UIColors
  - Artsy+UIFonts (from `https://github.com/artsy/Artsy-UIFonts.git`, branch `new-tracking`)
  - Artsy+UILabels
  - Artsy-UIButtons
  - balanced-ios (from `https://github.com/orta/balanced-ios`, branch `0_5_podspec`)
  - CardFlight
  - DZNWebViewController (from `https://github.com/orta/DZNWebViewController.git`)
  - ECPhoneNumberFormatter
  - FBSnapshotTestCase (HEAD)
  - FLKAutoLayout
  - HockeySDK (= 3.5.4)
  - ISO8601DateFormatter (= 0.7)
  - LlamaKit (from `https://github.com/AshFurrow/LlamaKit`, branch `rac_podspec`)
  - Moya/Reactive (from `https://github.com/AshFurrow/Moya`)
  - Nimble (from `https://github.com/Quick/Nimble`)
  - Nimble-Snapshots (from `https://github.com/ashfurrow/Nimble-Snapshots.git`)
  - ORStackView
  - Quick (from `https://github.com/Quick/Quick`)
  - Reachability (from `https://github.com/ashfurrow/Reachability.git`, branch `frameworks`)
  - ReactiveCocoa (from `https://github.com/AshFurrow/ReactiveCocoa`, branch `podspec`)
  - SDWebImage (~> 3.7)
  - SwiftyJSON (from `https://github.com/orta/SwiftyJSON`, branch `podspec`)
  - UIImageViewAligned (from `https://github.com/orta/UIImageViewAligned.git`)
  - XCGLogger (from `https://github.com/ashfurrow/XCGLogger.git`, branch `podspec`)
  - XNGMarkdownParser

EXTERNAL SOURCES:
  Alamofire:
    :branch: podspec
    :git: https://github.com/mrackwitz/Alamofire.git
  ARTiledImageView:
    :git: https://github.com/dblock/ARTiledImageView.git
  Artsy+UIFonts:
    :branch: new-tracking
    :git: https://github.com/artsy/Artsy-UIFonts.git
  balanced-ios:
    :branch: 0_5_podspec
    :git: https://github.com/orta/balanced-ios
  DZNWebViewController:
    :git: https://github.com/orta/DZNWebViewController.git
  LlamaKit:
    :branch: rac_podspec
    :git: https://github.com/AshFurrow/LlamaKit
  Moya:
    :git: https://github.com/AshFurrow/Moya
  Nimble:
    :git: https://github.com/Quick/Nimble
  Nimble-Snapshots:
    :git: https://github.com/ashfurrow/Nimble-Snapshots.git
  Quick:
    :git: https://github.com/Quick/Quick
  Reachability:
    :branch: frameworks
    :git: https://github.com/ashfurrow/Reachability.git
  ReactiveCocoa:
    :branch: podspec
    :git: https://github.com/AshFurrow/ReactiveCocoa
  SwiftyJSON:
    :branch: podspec
    :git: https://github.com/orta/SwiftyJSON
  UIImageViewAligned:
    :git: https://github.com/orta/UIImageViewAligned.git
  XCGLogger:
    :branch: podspec
    :git: https://github.com/ashfurrow/XCGLogger.git

SPEC CHECKSUMS:
  Alamofire: 4cff790102216d69f3b12dd69885c468870d51e9
  ARAnalytics: 93c5b65989145f88f4d45e262612eac277b0c219
  ARCollectionViewMasonryLayout: 40993cb65522139cb2cd6ed255c91a6caee5c4dd
  ARTiledImageView: 0de3b09798e5b1ec91a2939c311b69b03e7c9706
  Artsy+UIColors: d1d5e084a0e542d310c507acb5446bae6a322241
  Artsy+UIFonts: fb0a70f93ca888d45a3af751707701fe8cbeae2a
  Artsy+UILabels: a7c713069e3d10144a3dc8e377bef8b2253cd766
  Artsy-UIButtons: 80a957b9479417c3be1e68d5b830de6cd2ec44cc
  balanced-ios: b8d238f8c4a3eb673d984106eda9062d334d4789
  CardFlight: 6efbffb69e4ab27629ac0fe18e04790ac6c7d53b
  DZNWebViewController: 8716115ea00d6abbfb5dc937fff85b222b70fc68
  ECPhoneNumberFormatter: 5e178027d1d43472187c3f623e7b69b89fdb3187
  EDColor: bcdb8600b7a456f4408ce1d7e7fc001588919254
  FBSnapshotTestCase: f9f225b5ba11c8d8c09075590490df16314e4d62
  FLKAutoLayout: 9fa39aac2903b274fbeed6be74154cdb937a04fc
  fmemopen: 54fc0cc9d9063de6103b40a24849818a53c8f1e5
  HockeySDK: bf0e17f8d0c2b4778dff5ffd42248569a007ccbf
  ISO8601DateFormatter: 59731cd880cf87e71b4fa95f0d6b713dcbc4cbce
  LlamaKit: 71673af25b2c733160d643e67c1f711d3afa4af2
  Mixpanel: 87167a0b0a74f11f0ee3787f291357494730617c
  Moya: 5c78199dca4481d07aa04e43d04d29e42933915d
  Nimble: a758538afa362515139cc23f17a19be9b0d20ae0
  Nimble-Snapshots: 23e9192543031c8dcc183b8224325820907c0578
  NJKWebViewProgress: 721b57080c840c76f70ff6c2dda4f836ee1b27c1
  ORStackView: b6ccb2d7a1730548631a8a2749ba3c1bf12168db
  Quick: 1b2e5892266a111ec2e13f925f8a4103978f13f8
  Reachability: 2be6bc2fd2bd31d97f5db33e75e4b29c79e95883
  ReactiveCocoa: 991a58612852e1f4cc3e0073c664367508856e53
  SDWebImage: 116e88633b5b416ea0ca4b334a4ac59cf72dd38d
  SwiftyJSON: 85e4853fa377da93059763a3ca68fc5765d9b249
  UIImageViewAligned: efc1b8b5750dea68b7ee67236f4c64f93e65b674
  XCGLogger: c1fccc5ae3e3666241bf06c8c82e30461cff168c
  XNGMarkdownParser: 5d1ed6c1b2bb3d3f3468a9ad591b85498403822c

COCOAPODS: 0.35.0.rc2
