<?xml version="1.0" encoding="UTF-8"?>
<!DOCTYPE plist PUBLIC "-//Apple//DTD PLIST 1.0//EN" "http://www.apple.com/DTDs/PropertyList-1.0.dtd">
<plist version="1.0">
<dict>
	<key>archiveVersion</key>
	<string>1</string>
	<key>classes</key>
	<dict/>
	<key>objectVersion</key>
	<string>46</string>
	<key>objects</key>
	<dict>
		<key>0971DC6B37EC4E5D88FEF5E8</key>
		<dict>
			<key>buildActionMask</key>
			<string>2147483647</string>
			<key>files</key>
			<array/>
			<key>inputPaths</key>
			<array/>
			<key>isa</key>
			<string>PBXShellScriptBuildPhase</string>
			<key>name</key>
			<string>Copy Pods Resources</string>
			<key>outputPaths</key>
			<array/>
			<key>runOnlyForDeploymentPostprocessing</key>
			<string>0</string>
			<key>shellPath</key>
			<string>/bin/sh</string>
			<key>shellScript</key>
			<string>"${SRCROOT}/Pods/Target Support Files/Pods-KioskTests/Pods-KioskTests-resources.sh"
</string>
			<key>showEnvVarsInLog</key>
			<string>0</string>
		</dict>
		<key>0E53E93794856AAFC479A5D3</key>
		<dict>
			<key>includeInIndex</key>
			<string>1</string>
			<key>isa</key>
			<string>PBXFileReference</string>
			<key>lastKnownFileType</key>
			<string>text.xcconfig</string>
			<key>name</key>
			<string>Pods.beta.xcconfig</string>
			<key>path</key>
			<string>Pods/Target Support Files/Pods/Pods.beta.xcconfig</string>
			<key>sourceTree</key>
			<string>&lt;group&gt;</string>
		</dict>
		<key>16F3A19F9AD1486CACC915F0</key>
		<dict>
			<key>children</key>
			<array>
				<string>5E37FF6E19C0A02E00CA348E</string>
				<string>21A6ABDCBFE147D99BAEBD31</string>
				<string>F02362ED531B4468B9C73044</string>
			</array>
			<key>isa</key>
			<string>PBXGroup</string>
			<key>name</key>
			<string>Frameworks</string>
			<key>sourceTree</key>
			<string>&lt;group&gt;</string>
		</dict>
		<key>190F5D0869044AD3B8BE8484</key>
		<dict>
			<key>buildActionMask</key>
			<string>2147483647</string>
			<key>files</key>
			<array/>
			<key>inputPaths</key>
			<array/>
			<key>isa</key>
			<string>PBXShellScriptBuildPhase</string>
			<key>name</key>
			<string>Check Pods Manifest.lock</string>
			<key>outputPaths</key>
			<array/>
			<key>runOnlyForDeploymentPostprocessing</key>
			<string>0</string>
			<key>shellPath</key>
			<string>/bin/sh</string>
			<key>shellScript</key>
			<string>diff "${PODS_ROOT}/../Podfile.lock" "${PODS_ROOT}/Manifest.lock" &gt; /dev/null
if [[ $? != 0 ]] ; then
    cat &lt;&lt; EOM
error: The sandbox is not in sync with the Podfile.lock. Run 'pod install' or update your CocoaPods installation.
EOM
    exit 1
fi
</string>
			<key>showEnvVarsInLog</key>
			<string>0</string>
		</dict>
		<key>21A6ABDCBFE147D99BAEBD31</key>
		<dict>
			<key>explicitFileType</key>
			<string>archive.ar</string>
			<key>includeInIndex</key>
			<string>0</string>
			<key>isa</key>
			<string>PBXFileReference</string>
			<key>path</key>
			<string>libPods.a</string>
			<key>sourceTree</key>
			<string>BUILT_PRODUCTS_DIR</string>
		</dict>
		<key>274A1FC39D654A86A9F5D578</key>
		<dict>
			<key>buildActionMask</key>
			<string>2147483647</string>
			<key>files</key>
			<array/>
			<key>inputPaths</key>
			<array/>
			<key>isa</key>
			<string>PBXShellScriptBuildPhase</string>
			<key>name</key>
			<string>Check Pods Manifest.lock</string>
			<key>outputPaths</key>
			<array/>
			<key>runOnlyForDeploymentPostprocessing</key>
			<string>0</string>
			<key>shellPath</key>
			<string>/bin/sh</string>
			<key>shellScript</key>
			<string>diff "${PODS_ROOT}/../Podfile.lock" "${PODS_ROOT}/Manifest.lock" &gt; /dev/null
if [[ $? != 0 ]] ; then
    cat &lt;&lt; EOM
error: The sandbox is not in sync with the Podfile.lock. Run 'pod install' or update your CocoaPods installation.
EOM
    exit 1
fi
</string>
			<key>showEnvVarsInLog</key>
			<string>0</string>
		</dict>
		<key>30E8D5DF876564BBAE983B10</key>
		<dict>
			<key>children</key>
			<array>
				<string>5BB6C7AC01D226AB94CA6E87</string>
				<string>0E53E93794856AAFC479A5D3</string>
				<string>BCC67151F7666EDFDF63D3A7</string>
				<string>E0AF629BE597B472D2C3D0AB</string>
			</array>
			<key>isa</key>
			<string>PBXGroup</string>
			<key>name</key>
			<string>Pods</string>
			<key>sourceTree</key>
			<string>&lt;group&gt;</string>
		</dict>
		<key>5BB6C7AC01D226AB94CA6E87</key>
		<dict>
			<key>includeInIndex</key>
			<string>1</string>
			<key>isa</key>
			<string>PBXFileReference</string>
			<key>lastKnownFileType</key>
			<string>text.xcconfig</string>
			<key>name</key>
			<string>Pods.debug.xcconfig</string>
			<key>path</key>
			<string>Pods/Target Support Files/Pods/Pods.debug.xcconfig</string>
			<key>sourceTree</key>
			<string>&lt;group&gt;</string>
		</dict>
		<key>5E2765EC19940F3F0003BAFA</key>
		<dict>
			<key>isa</key>
			<string>PBXFileReference</string>
			<key>lastKnownFileType</key>
			<string>sourcecode.c.h</string>
			<key>path</key>
			<string>KioskTests-Bridging-Header.h</string>
			<key>sourceTree</key>
			<string>&lt;group&gt;</string>
		</dict>
		<key>5E2765FA19940F760003BAFA</key>
		<dict>
			<key>fileEncoding</key>
			<string>4</string>
			<key>isa</key>
			<string>PBXFileReference</string>
			<key>lastKnownFileType</key>
			<string>sourcecode.swift</string>
			<key>path</key>
			<string>HaveValidSnapshot.swift</string>
			<key>sourceTree</key>
			<string>&lt;group&gt;</string>
		</dict>
		<key>5E2765FC19940F780003BAFA</key>
		<dict>
			<key>children</key>
			<array>
				<string>5E2765FA19940F760003BAFA</string>
			</array>
			<key>isa</key>
			<string>PBXGroup</string>
			<key>name</key>
			<string>Nimble-Snapshots</string>
			<key>path</key>
			<string>submodules/Nimble-Snapshots</string>
			<key>sourceTree</key>
			<string>&lt;group&gt;</string>
		</dict>
		<key>5E28C1F21993B99A0066DB4D</key>
		<dict>
			<key>children</key>
			<array>
				<string>5E2765FC19940F780003BAFA</string>
				<string>5E28C2031993B9E50066DB4D</string>
				<string>5E28C1F31993B9D10066DB4D</string>
			</array>
			<key>isa</key>
			<string>PBXGroup</string>
			<key>name</key>
			<string>Submodules</string>
			<key>path</key>
			<string>..</string>
			<key>sourceTree</key>
			<string>&lt;group&gt;</string>
		</dict>
		<key>5E28C1F31993B9D10066DB4D</key>
		<dict>
			<key>isa</key>
			<string>PBXFileReference</string>
			<key>lastKnownFileType</key>
			<string>wrapper.pb-project</string>
			<key>name</key>
			<string>Quick.xcodeproj</string>
			<key>path</key>
			<string>submodules/Quick/Quick/Quick.xcodeproj</string>
			<key>sourceTree</key>
			<string>&lt;group&gt;</string>
		</dict>
		<key>5E28C2031993B9E50066DB4D</key>
		<dict>
			<key>isa</key>
			<string>PBXFileReference</string>
			<key>lastKnownFileType</key>
			<string>wrapper.pb-project</string>
			<key>name</key>
			<string>Nimble.xcodeproj</string>
			<key>path</key>
			<string>submodules/Nimble/Nimble.xcodeproj</string>
			<key>sourceTree</key>
			<string>&lt;group&gt;</string>
		</dict>
		<key>5E37FF6E19C0A02E00CA348E</key>
		<dict>
			<key>isa</key>
			<string>PBXFileReference</string>
			<key>lastKnownFileType</key>
			<string>wrapper.framework</string>
			<key>name</key>
			<string>ReactiveCocoa.framework</string>
			<key>path</key>
			<string>../../../Library/Developer/Xcode/DerivedData/Kiosk-ctrnstmycydempdselylmwteqdwf/Build/Products/Debug/ReactiveCocoa.framework</string>
			<key>sourceTree</key>
			<string>&lt;group&gt;</string>
		</dict>
		<key>5E37FF6F19C0A02E00CA348E</key>
		<dict>
			<key>fileRef</key>
			<string>5E37FF6E19C0A02E00CA348E</string>
			<key>isa</key>
			<string>PBXBuildFile</string>
		</dict>
		<key>5E37FF8819C1AD8100CA348E</key>
		<dict>
			<key>fileEncoding</key>
			<string>4</string>
			<key>isa</key>
			<string>PBXFileReference</string>
			<key>lastKnownFileType</key>
			<string>sourcecode.swift</string>
			<key>path</key>
			<string>ArtsyAPI.swift</string>
			<key>sourceTree</key>
			<string>&lt;group&gt;</string>
		</dict>
		<key>5E37FF8919C1AD8100CA348E</key>
		<dict>
			<key>fileRef</key>
			<string>5E37FF8819C1AD8100CA348E</string>
			<key>isa</key>
			<string>PBXBuildFile</string>
		</dict>
		<key>5E3E53E519C3AA13002D8B9D</key>
		<dict>
			<key>fileEncoding</key>
			<string>4</string>
			<key>isa</key>
			<string>PBXFileReference</string>
			<key>lastKnownFileType</key>
			<string>sourcecode.swift</string>
			<key>path</key>
			<string>XAppToken.swift</string>
			<key>sourceTree</key>
			<string>&lt;group&gt;</string>
		</dict>
		<key>5E3E53E619C3AA13002D8B9D</key>
		<dict>
			<key>fileRef</key>
			<string>5E3E53E519C3AA13002D8B9D</string>
			<key>isa</key>
			<string>PBXBuildFile</string>
		</dict>
		<key>5E3E53F319C3AC3B002D8B9D</key>
		<dict>
			<key>fileEncoding</key>
			<string>4</string>
			<key>isa</key>
			<string>PBXFileReference</string>
			<key>lastKnownFileType</key>
			<string>text.json</string>
			<key>name</key>
			<string>FeaturedWorks.json</string>
			<key>path</key>
			<string>Stubbed Responses/FeaturedWorks.json</string>
			<key>sourceTree</key>
			<string>&lt;group&gt;</string>
		</dict>
		<key>5E3E53F519C3AC3B002D8B9D</key>
		<dict>
			<key>fileRef</key>
			<string>5E3E53F319C3AC3B002D8B9D</string>
			<key>isa</key>
			<string>PBXBuildFile</string>
		</dict>
		<key>5E4B56DC19C079C0002E6FCB</key>
		<dict>
			<key>children</key>
			<array>
				<string>5E6ED60B19C07AC300CF3398</string>
				<string>5E6ED60A19C07A4A00CF3398</string>
			</array>
			<key>isa</key>
			<string>PBXGroup</string>
			<key>name</key>
			<string>Submodules</string>
			<key>sourceTree</key>
			<string>&lt;group&gt;</string>
		</dict>
		<key>5E59DD2719913DD800A48370</key>
		<dict>
			<key>children</key>
			<array>
				<string>5E59DD3219913DD800A48370</string>
				<string>5E59DD4519913DD800A48370</string>
				<string>5E59DD3119913DD800A48370</string>
				<string>16F3A19F9AD1486CACC915F0</string>
				<string>30E8D5DF876564BBAE983B10</string>
			</array>
			<key>isa</key>
			<string>PBXGroup</string>
			<key>sourceTree</key>
			<string>&lt;group&gt;</string>
		</dict>
		<key>5E59DD2819913DD800A48370</key>
		<dict>
			<key>attributes</key>
			<dict>
				<key>LastUpgradeCheck</key>
				<string>0600</string>
				<key>ORGANIZATIONNAME</key>
				<string>Artsy</string>
				<key>TargetAttributes</key>
				<dict>
					<key>5E59DD2F19913DD800A48370</key>
					<dict>
						<key>CreatedOnToolsVersion</key>
						<string>6.0</string>
					</dict>
					<key>5E59DD4119913DD800A48370</key>
					<dict>
						<key>CreatedOnToolsVersion</key>
						<string>6.0</string>
						<key>TestTargetID</key>
						<string>5E59DD2F19913DD800A48370</string>
					</dict>
				</dict>
			</dict>
			<key>buildConfigurationList</key>
			<string>5E59DD2B19913DD800A48370</string>
			<key>compatibilityVersion</key>
			<string>Xcode 3.2</string>
			<key>developmentRegion</key>
			<string>English</string>
			<key>hasScannedForEncodings</key>
			<string>0</string>
			<key>isa</key>
			<string>PBXProject</string>
			<key>knownRegions</key>
			<array>
				<string>en</string>
				<string>Base</string>
			</array>
			<key>mainGroup</key>
			<string>5E59DD2719913DD800A48370</string>
			<key>productRefGroup</key>
			<string>5E59DD3119913DD800A48370</string>
			<key>projectDirPath</key>
			<string></string>
			<key>projectReferences</key>
			<array>
				<dict>
					<key>ProductGroup</key>
					<string>5E6ED60C19C07AC300CF3398</string>
					<key>ProjectRef</key>
					<string>5E6ED60B19C07AC300CF3398</string>
				</dict>
				<dict>
					<key>ProductGroup</key>
					<string>603F8CAA19BDF77700B162C7</string>
					<key>ProjectRef</key>
					<string>5E28C2031993B9E50066DB4D</string>
				</dict>
				<dict>
					<key>ProductGroup</key>
					<string>603F8CB919BDF78A00B162C7</string>
					<key>ProjectRef</key>
					<string>5E28C1F31993B9D10066DB4D</string>
				</dict>
			</array>
			<key>projectRoot</key>
			<string></string>
			<key>targets</key>
			<array>
				<string>5E59DD2F19913DD800A48370</string>
				<string>5E59DD4119913DD800A48370</string>
			</array>
		</dict>
		<key>5E59DD2B19913DD800A48370</key>
		<dict>
			<key>buildConfigurations</key>
			<array>
				<string>5E59DD4A19913DD900A48370</string>
				<string>5E59DD4B19913DD900A48370</string>
			</array>
			<key>defaultConfigurationIsVisible</key>
			<string>0</string>
			<key>defaultConfigurationName</key>
			<string>Beta</string>
			<key>isa</key>
			<string>XCConfigurationList</string>
		</dict>
		<key>5E59DD2C19913DD800A48370</key>
		<dict>
			<key>buildActionMask</key>
			<string>2147483647</string>
			<key>files</key>
			<array>
				<string>5E59DD3819913DD800A48370</string>
				<string>5E59DD3619913DD800A48370</string>
				<string>5E37FF8919C1AD8100CA348E</string>
				<string>5E6ED5FF19C07A4300CF3398</string>
				<string>60F104E419C0FB94002FF30C</string>
				<string>60F444EC19BDE0320030409F</string>
				<string>5E6ED60119C07A4300CF3398</string>
				<string>5E6ED60019C07A4300CF3398</string>
				<string>5E3E53E619C3AA13002D8B9D</string>
				<string>60A8E7C519BE50640088ACEC</string>
				<string>5E6ED5FE19C07A4300CF3398</string>
				<string>60A3BC2E19BA01DC00EF3907</string>
			</array>
			<key>isa</key>
			<string>PBXSourcesBuildPhase</string>
			<key>runOnlyForDeploymentPostprocessing</key>
			<string>0</string>
		</dict>
		<key>5E59DD2D19913DD800A48370</key>
		<dict>
			<key>buildActionMask</key>
			<string>2147483647</string>
			<key>files</key>
			<array>
				<string>5E37FF6F19C0A02E00CA348E</string>
				<string>5E6ED61419C07ADF00CF3398</string>
				<string>961918F1D3EF491EA0AF220C</string>
			</array>
			<key>isa</key>
			<string>PBXFrameworksBuildPhase</string>
			<key>runOnlyForDeploymentPostprocessing</key>
			<string>0</string>
		</dict>
		<key>5E59DD2E19913DD800A48370</key>
		<dict>
			<key>buildActionMask</key>
			<string>2147483647</string>
			<key>files</key>
			<array>
				<string>5EEE582E19B8AF4E007B01D0</string>
				<string>5E59DD3D19913DD800A48370</string>
				<string>5ED0997F19C31D8F00E5DD59</string>
				<string>5E3E53F519C3AC3B002D8B9D</string>
				<string>5EEE583619B8AFD4007B01D0</string>
			</array>
			<key>isa</key>
			<string>PBXResourcesBuildPhase</string>
			<key>runOnlyForDeploymentPostprocessing</key>
			<string>0</string>
		</dict>
		<key>5E59DD2F19913DD800A48370</key>
		<dict>
			<key>buildConfigurationList</key>
			<string>5E59DD4C19913DD900A48370</string>
			<key>buildPhases</key>
			<array>
				<string>274A1FC39D654A86A9F5D578</string>
				<string>5E59DD2C19913DD800A48370</string>
				<string>5E59DD2D19913DD800A48370</string>
				<string>5E59DD2E19913DD800A48370</string>
				<string>9AFA421DD5E649B89E128C8F</string>
			</array>
			<key>buildRules</key>
			<array/>
			<key>dependencies</key>
			<array>
				<string>5E6ED61619C07AE400CF3398</string>
			</array>
			<key>isa</key>
			<string>PBXNativeTarget</string>
			<key>name</key>
			<string>Kiosk</string>
			<key>productName</key>
			<string>Kiosk</string>
			<key>productReference</key>
			<string>5E59DD3019913DD800A48370</string>
			<key>productType</key>
			<string>com.apple.product-type.application</string>
		</dict>
		<key>5E59DD3019913DD800A48370</key>
		<dict>
			<key>explicitFileType</key>
			<string>wrapper.application</string>
			<key>includeInIndex</key>
			<string>0</string>
			<key>isa</key>
			<string>PBXFileReference</string>
			<key>path</key>
			<string>Kiosk.app</string>
			<key>sourceTree</key>
			<string>BUILT_PRODUCTS_DIR</string>
		</dict>
		<key>5E59DD3119913DD800A48370</key>
		<dict>
			<key>children</key>
			<array>
				<string>5E59DD3019913DD800A48370</string>
				<string>5E59DD4219913DD800A48370</string>
			</array>
			<key>isa</key>
			<string>PBXGroup</string>
			<key>name</key>
			<string>Products</string>
			<key>sourceTree</key>
			<string>&lt;group&gt;</string>
		</dict>
		<key>5E59DD3219913DD800A48370</key>
		<dict>
			<key>children</key>
			<array>
				<string>608E917F19C0B88200AF4E83</string>
				<string>5E4B56DC19C079C0002E6FCB</string>
				<string>6086143C19BA306800699FBC</string>
				<string>6086143B19BA304F00699FBC</string>
				<string>6086143D19BA307300699FBC</string>
				<string>5E59DD3719913DD800A48370</string>
				<string>5E59DD3C19913DD800A48370</string>
				<string>5ED0997319C31D6200E5DD59</string>
				<string>5E59DD3319913DD800A48370</string>
			</array>
			<key>isa</key>
			<string>PBXGroup</string>
			<key>path</key>
			<string>Kiosk</string>
			<key>sourceTree</key>
			<string>&lt;group&gt;</string>
		</dict>
		<key>5E59DD3319913DD800A48370</key>
		<dict>
			<key>children</key>
			<array>
				<string>5E59DD53199147EC00A48370</string>
				<string>5E59DD3419913DD800A48370</string>
			</array>
			<key>isa</key>
			<string>PBXGroup</string>
			<key>path</key>
			<string>Supporting Files</string>
			<key>sourceTree</key>
			<string>&lt;group&gt;</string>
		</dict>
		<key>5E59DD3419913DD800A48370</key>
		<dict>
			<key>isa</key>
			<string>PBXFileReference</string>
			<key>lastKnownFileType</key>
			<string>text.plist.xml</string>
			<key>path</key>
			<string>Info.plist</string>
			<key>sourceTree</key>
			<string>&lt;group&gt;</string>
		</dict>
		<key>5E59DD3519913DD800A48370</key>
		<dict>
			<key>isa</key>
			<string>PBXFileReference</string>
			<key>lastKnownFileType</key>
			<string>sourcecode.swift</string>
			<key>path</key>
			<string>AppDelegate.swift</string>
			<key>sourceTree</key>
			<string>&lt;group&gt;</string>
		</dict>
		<key>5E59DD3619913DD800A48370</key>
		<dict>
			<key>fileRef</key>
			<string>5E59DD3519913DD800A48370</string>
			<key>isa</key>
			<string>PBXBuildFile</string>
		</dict>
		<key>5E59DD3719913DD800A48370</key>
		<dict>
			<key>isa</key>
			<string>PBXFileReference</string>
			<key>lastKnownFileType</key>
			<string>sourcecode.swift</string>
			<key>path</key>
			<string>ListingsViewController.swift</string>
			<key>sourceTree</key>
			<string>&lt;group&gt;</string>
		</dict>
		<key>5E59DD3819913DD800A48370</key>
		<dict>
			<key>fileRef</key>
			<string>5E59DD3719913DD800A48370</string>
			<key>isa</key>
			<string>PBXBuildFile</string>
		</dict>
		<key>5E59DD3C19913DD800A48370</key>
		<dict>
			<key>isa</key>
			<string>PBXFileReference</string>
			<key>lastKnownFileType</key>
			<string>folder.assetcatalog</string>
			<key>path</key>
			<string>Images.xcassets</string>
			<key>sourceTree</key>
			<string>&lt;group&gt;</string>
		</dict>
		<key>5E59DD3D19913DD800A48370</key>
		<dict>
			<key>fileRef</key>
			<string>5E59DD3C19913DD800A48370</string>
			<key>isa</key>
			<string>PBXBuildFile</string>
		</dict>
		<key>5E59DD3E19913DD800A48370</key>
		<dict>
			<key>buildActionMask</key>
			<string>2147483647</string>
			<key>files</key>
			<array>
				<string>60C07A2119BE05E500868951</string>
				<string>60A3BC3019BA054200EF3907</string>
				<string>60A3BBE519B9F14C00EF3907</string>
				<string>60A8E7CF19BE5B7F0088ACEC</string>
				<string>60C07A1719BE02A800868951</string>
			</array>
			<key>isa</key>
			<string>PBXSourcesBuildPhase</string>
			<key>runOnlyForDeploymentPostprocessing</key>
			<string>0</string>
		</dict>
		<key>5E59DD3F19913DD800A48370</key>
		<dict>
			<key>buildActionMask</key>
			<string>2147483647</string>
			<key>files</key>
			<array>
				<string>603F8CC719BDF80C00B162C7</string>
				<string>603F8CC819BDF80C00B162C7</string>
				<string>A165BB63FB9541B4A59991F6</string>
				<string>7D151931B70C40DA1918308E</string>
			</array>
			<key>isa</key>
			<string>PBXFrameworksBuildPhase</string>
			<key>runOnlyForDeploymentPostprocessing</key>
			<string>0</string>
		</dict>
		<key>5E59DD4019913DD800A48370</key>
		<dict>
			<key>buildActionMask</key>
			<string>2147483647</string>
			<key>files</key>
			<array/>
			<key>isa</key>
			<string>PBXResourcesBuildPhase</string>
			<key>runOnlyForDeploymentPostprocessing</key>
			<string>0</string>
		</dict>
		<key>5E59DD4119913DD800A48370</key>
		<dict>
			<key>buildConfigurationList</key>
			<string>5E59DD4F19913DD900A48370</string>
			<key>buildPhases</key>
			<array>
				<string>190F5D0869044AD3B8BE8484</string>
				<string>5E59DD3E19913DD800A48370</string>
				<string>5E59DD3F19913DD800A48370</string>
				<string>5E59DD4019913DD800A48370</string>
				<string>0971DC6B37EC4E5D88FEF5E8</string>
			</array>
			<key>buildRules</key>
			<array/>
			<key>dependencies</key>
			<array>
				<string>5E59DD4419913DD800A48370</string>
			</array>
			<key>isa</key>
			<string>PBXNativeTarget</string>
			<key>name</key>
			<string>KioskTests</string>
			<key>productName</key>
			<string>KioskTests</string>
			<key>productReference</key>
			<string>5E59DD4219913DD800A48370</string>
			<key>productType</key>
			<string>com.apple.product-type.bundle.unit-test</string>
		</dict>
		<key>5E59DD4219913DD800A48370</key>
		<dict>
			<key>explicitFileType</key>
			<string>wrapper.cfbundle</string>
			<key>includeInIndex</key>
			<string>0</string>
			<key>isa</key>
			<string>PBXFileReference</string>
			<key>path</key>
			<string>KioskTests.xctest</string>
			<key>sourceTree</key>
			<string>BUILT_PRODUCTS_DIR</string>
		</dict>
		<key>5E59DD4319913DD800A48370</key>
		<dict>
			<key>containerPortal</key>
			<string>5E59DD2819913DD800A48370</string>
			<key>isa</key>
			<string>PBXContainerItemProxy</string>
			<key>proxyType</key>
			<string>1</string>
			<key>remoteGlobalIDString</key>
			<string>5E59DD2F19913DD800A48370</string>
			<key>remoteInfo</key>
			<string>Kiosk</string>
		</dict>
		<key>5E59DD4419913DD800A48370</key>
		<dict>
			<key>isa</key>
			<string>PBXTargetDependency</string>
			<key>target</key>
			<string>5E59DD2F19913DD800A48370</string>
			<key>targetProxy</key>
			<string>5E59DD4319913DD800A48370</string>
		</dict>
		<key>5E59DD4519913DD800A48370</key>
		<dict>
			<key>children</key>
			<array>
				<string>5E2765EC19940F3F0003BAFA</string>
				<string>60A3BBE419B9F14C00EF3907</string>
				<string>60A3BC2F19BA054200EF3907</string>
				<string>60A8E7CE19BE5B7F0088ACEC</string>
				<string>60C07A2019BE05E500868951</string>
				<string>5E28C1F21993B99A0066DB4D</string>
				<string>5E59DD4619913DD900A48370</string>
			</array>
			<key>isa</key>
			<string>PBXGroup</string>
			<key>path</key>
			<string>KioskTests</string>
			<key>sourceTree</key>
			<string>&lt;group&gt;</string>
		</dict>
		<key>5E59DD4619913DD900A48370</key>
		<dict>
			<key>children</key>
			<array>
				<string>5E59DD4719913DD900A48370</string>
			</array>
			<key>isa</key>
			<string>PBXGroup</string>
			<key>path</key>
			<string>Supporting Files</string>
			<key>sourceTree</key>
			<string>&lt;group&gt;</string>
		</dict>
		<key>5E59DD4719913DD900A48370</key>
		<dict>
			<key>isa</key>
			<string>PBXFileReference</string>
			<key>lastKnownFileType</key>
			<string>text.plist.xml</string>
			<key>path</key>
			<string>Info.plist</string>
			<key>sourceTree</key>
			<string>&lt;group&gt;</string>
		</dict>
		<key>5E59DD4A19913DD900A48370</key>
		<dict>
			<key>buildSettings</key>
			<dict>
				<key>ALWAYS_SEARCH_USER_PATHS</key>
				<string>NO</string>
				<key>CLANG_CXX_LANGUAGE_STANDARD</key>
				<string>gnu++0x</string>
				<key>CLANG_CXX_LIBRARY</key>
				<string>libc++</string>
				<key>CLANG_ENABLE_MODULES</key>
				<string>YES</string>
				<key>CLANG_ENABLE_OBJC_ARC</key>
				<string>YES</string>
				<key>CLANG_WARN_BOOL_CONVERSION</key>
				<string>YES</string>
				<key>CLANG_WARN_CONSTANT_CONVERSION</key>
				<string>YES</string>
				<key>CLANG_WARN_DIRECT_OBJC_ISA_USAGE</key>
				<string>YES_ERROR</string>
				<key>CLANG_WARN_EMPTY_BODY</key>
				<string>YES</string>
				<key>CLANG_WARN_ENUM_CONVERSION</key>
				<string>YES</string>
				<key>CLANG_WARN_INT_CONVERSION</key>
				<string>YES</string>
				<key>CLANG_WARN_OBJC_ROOT_CLASS</key>
				<string>YES_ERROR</string>
				<key>CLANG_WARN_UNREACHABLE_CODE</key>
				<string>YES</string>
				<key>CLANG_WARN__DUPLICATE_METHOD_MATCH</key>
				<string>YES</string>
				<key>COPY_PHASE_STRIP</key>
				<string>NO</string>
				<key>ENABLE_STRICT_OBJC_MSGSEND</key>
				<string>YES</string>
				<key>GCC_C_LANGUAGE_STANDARD</key>
				<string>gnu99</string>
				<key>GCC_DYNAMIC_NO_PIC</key>
				<string>NO</string>
				<key>GCC_OPTIMIZATION_LEVEL</key>
				<string>0</string>
				<key>GCC_PREPROCESSOR_DEFINITIONS</key>
				<array>
					<string>DEBUG=1</string>
					<string>$(inherited)</string>
				</array>
				<key>GCC_SYMBOLS_PRIVATE_EXTERN</key>
				<string>NO</string>
				<key>GCC_WARN_64_TO_32_BIT_CONVERSION</key>
				<string>YES</string>
				<key>GCC_WARN_ABOUT_RETURN_TYPE</key>
				<string>YES_ERROR</string>
				<key>GCC_WARN_UNDECLARED_SELECTOR</key>
				<string>YES</string>
				<key>GCC_WARN_UNINITIALIZED_AUTOS</key>
				<string>YES_AGGRESSIVE</string>
				<key>GCC_WARN_UNUSED_FUNCTION</key>
				<string>YES</string>
				<key>GCC_WARN_UNUSED_VARIABLE</key>
				<string>YES</string>
				<key>IPHONEOS_DEPLOYMENT_TARGET</key>
				<string>8.0</string>
				<key>MTL_ENABLE_DEBUG_INFO</key>
				<string>YES</string>
				<key>ONLY_ACTIVE_ARCH</key>
				<string>YES</string>
				<key>SDKROOT</key>
				<string>iphoneos</string>
				<key>SWIFT_OPTIMIZATION_LEVEL</key>
				<string>-Onone</string>
				<key>TARGETED_DEVICE_FAMILY</key>
				<string>2</string>
			</dict>
			<key>isa</key>
			<string>XCBuildConfiguration</string>
			<key>name</key>
			<string>Debug</string>
		</dict>
		<key>5E59DD4B19913DD900A48370</key>
		<dict>
			<key>buildSettings</key>
			<dict>
				<key>ALWAYS_SEARCH_USER_PATHS</key>
				<string>NO</string>
				<key>CLANG_CXX_LANGUAGE_STANDARD</key>
				<string>gnu++0x</string>
				<key>CLANG_CXX_LIBRARY</key>
				<string>libc++</string>
				<key>CLANG_ENABLE_MODULES</key>
				<string>YES</string>
				<key>CLANG_ENABLE_OBJC_ARC</key>
				<string>YES</string>
				<key>CLANG_WARN_BOOL_CONVERSION</key>
				<string>YES</string>
				<key>CLANG_WARN_CONSTANT_CONVERSION</key>
				<string>YES</string>
				<key>CLANG_WARN_DIRECT_OBJC_ISA_USAGE</key>
				<string>YES_ERROR</string>
				<key>CLANG_WARN_EMPTY_BODY</key>
				<string>YES</string>
				<key>CLANG_WARN_ENUM_CONVERSION</key>
				<string>YES</string>
				<key>CLANG_WARN_INT_CONVERSION</key>
				<string>YES</string>
				<key>CLANG_WARN_OBJC_ROOT_CLASS</key>
				<string>YES_ERROR</string>
				<key>CLANG_WARN_UNREACHABLE_CODE</key>
				<string>YES</string>
				<key>CLANG_WARN__DUPLICATE_METHOD_MATCH</key>
				<string>YES</string>
				<key>COPY_PHASE_STRIP</key>
				<string>YES</string>
				<key>ENABLE_NS_ASSERTIONS</key>
				<string>NO</string>
				<key>ENABLE_STRICT_OBJC_MSGSEND</key>
				<string>YES</string>
				<key>GCC_C_LANGUAGE_STANDARD</key>
				<string>gnu99</string>
				<key>GCC_WARN_64_TO_32_BIT_CONVERSION</key>
				<string>YES</string>
				<key>GCC_WARN_ABOUT_RETURN_TYPE</key>
				<string>YES_ERROR</string>
				<key>GCC_WARN_UNDECLARED_SELECTOR</key>
				<string>YES</string>
				<key>GCC_WARN_UNINITIALIZED_AUTOS</key>
				<string>YES_AGGRESSIVE</string>
				<key>GCC_WARN_UNUSED_FUNCTION</key>
				<string>YES</string>
				<key>GCC_WARN_UNUSED_VARIABLE</key>
				<string>YES</string>
				<key>IPHONEOS_DEPLOYMENT_TARGET</key>
				<string>8.0</string>
				<key>MTL_ENABLE_DEBUG_INFO</key>
				<string>NO</string>
				<key>SDKROOT</key>
				<string>iphoneos</string>
				<key>TARGETED_DEVICE_FAMILY</key>
				<string>2</string>
				<key>VALIDATE_PRODUCT</key>
				<string>YES</string>
			</dict>
			<key>isa</key>
			<string>XCBuildConfiguration</string>
			<key>name</key>
			<string>Beta</string>
		</dict>
		<key>5E59DD4C19913DD900A48370</key>
		<dict>
			<key>buildConfigurations</key>
			<array>
				<string>5E59DD4D19913DD900A48370</string>
				<string>5E59DD4E19913DD900A48370</string>
			</array>
			<key>defaultConfigurationIsVisible</key>
			<string>0</string>
			<key>defaultConfigurationName</key>
			<string>Beta</string>
			<key>isa</key>
			<string>XCConfigurationList</string>
		</dict>
		<key>5E59DD4D19913DD900A48370</key>
		<dict>
			<key>baseConfigurationReference</key>
			<string>5BB6C7AC01D226AB94CA6E87</string>
			<key>buildSettings</key>
			<dict>
				<key>APPLICATION_BUNDLE_IDENTIFIER</key>
				<string>net.artsy.kiosk.beta</string>
				<key>ASSETCATALOG_COMPILER_APPICON_NAME</key>
				<string>AppIcon</string>
				<key>ASSETCATALOG_COMPILER_LAUNCHIMAGE_NAME</key>
				<string>LaunchImage</string>
				<key>CODE_SIGN_IDENTITY[sdk=iphoneos*]</key>
				<string></string>
				<key>FRAMEWORK_SEARCH_PATHS</key>
				<string>$(inherited)</string>
				<key>INFOPLIST_FILE</key>
				<string>Kiosk/Supporting Files/Info.plist</string>
				<key>IPHONEOS_DEPLOYMENT_TARGET</key>
				<string>8.0</string>
				<key>LD_RUNPATH_SEARCH_PATHS</key>
				<string>$(inherited) @executable_path/Frameworks</string>
				<key>PRODUCT_NAME</key>
				<string>$(TARGET_NAME)</string>
				<key>PROVISIONING_PROFILE</key>
				<string>513564c8-7a9d-4960-a3d2-e7a3f48b3c44</string>
				<key>SWIFT_OBJC_BRIDGING_HEADER</key>
				<string>Kiosk/Supporting Files/PodsBridgingHeader.h</string>
				<key>TARGETED_DEVICE_FAMILY</key>
				<string>2</string>
			</dict>
			<key>isa</key>
			<string>XCBuildConfiguration</string>
			<key>name</key>
			<string>Debug</string>
		</dict>
		<key>5E59DD4E19913DD900A48370</key>
		<dict>
			<key>baseConfigurationReference</key>
			<string>0E53E93794856AAFC479A5D3</string>
			<key>buildSettings</key>
			<dict>
				<key>APPLICATION_BUNDLE_IDENTIFIER</key>
				<string>net.artsy.kiosk.beta</string>
				<key>ASSETCATALOG_COMPILER_APPICON_NAME</key>
				<string>AppIcon</string>
				<key>ASSETCATALOG_COMPILER_LAUNCHIMAGE_NAME</key>
				<string>LaunchImage</string>
				<key>CODE_SIGN_IDENTITY[sdk=iphoneos*]</key>
				<string></string>
				<key>FRAMEWORK_SEARCH_PATHS</key>
				<string>$(inherited)</string>
				<key>INFOPLIST_FILE</key>
				<string>Kiosk/Supporting Files/Info.plist</string>
				<key>IPHONEOS_DEPLOYMENT_TARGET</key>
				<string>8.0</string>
				<key>LD_RUNPATH_SEARCH_PATHS</key>
				<string>$(inherited) @executable_path/Frameworks</string>
				<key>PRODUCT_NAME</key>
				<string>$(TARGET_NAME)</string>
				<key>PROVISIONING_PROFILE</key>
				<string>513564c8-7a9d-4960-a3d2-e7a3f48b3c44</string>
				<key>SWIFT_OBJC_BRIDGING_HEADER</key>
				<string>Kiosk/Supporting Files/PodsBridgingHeader.h</string>
				<key>TARGETED_DEVICE_FAMILY</key>
				<string>2</string>
			</dict>
			<key>isa</key>
			<string>XCBuildConfiguration</string>
			<key>name</key>
			<string>Beta</string>
		</dict>
		<key>5E59DD4F19913DD900A48370</key>
		<dict>
			<key>buildConfigurations</key>
			<array>
				<string>5E59DD5019913DD900A48370</string>
				<string>5E59DD5119913DD900A48370</string>
			</array>
			<key>defaultConfigurationIsVisible</key>
			<string>0</string>
			<key>defaultConfigurationName</key>
			<string>Beta</string>
			<key>isa</key>
			<string>XCConfigurationList</string>
		</dict>
		<key>5E59DD5019913DD900A48370</key>
		<dict>
			<key>baseConfigurationReference</key>
			<string>BCC67151F7666EDFDF63D3A7</string>
			<key>buildSettings</key>
			<dict>
				<key>BUNDLE_LOADER</key>
				<string>$(TEST_HOST)</string>
				<key>CLANG_ENABLE_MODULES</key>
				<string>YES</string>
				<key>FRAMEWORK_SEARCH_PATHS</key>
				<array>
					<string>$(SDKROOT)/Developer/Library/Frameworks</string>
					<string>$(inherited)</string>
				</array>
				<key>GCC_PREPROCESSOR_DEFINITIONS</key>
				<array>
					<string>DEBUG=1</string>
					<string>$(inherited)</string>
				</array>
				<key>INFOPLIST_FILE</key>
				<string>KioskTests/Supporting Files/Info.plist</string>
				<key>LD_RUNPATH_SEARCH_PATHS</key>
				<string>$(inherited) @executable_path/Frameworks @loader_path/Frameworks</string>
				<key>PRODUCT_NAME</key>
				<string>$(TARGET_NAME)</string>
				<key>SWIFT_OBJC_BRIDGING_HEADER</key>
				<string>KioskTests/KioskTests-Bridging-Header.h</string>
				<key>SWIFT_OPTIMIZATION_LEVEL</key>
				<string>-Onone</string>
				<key>TEST_HOST</key>
				<string>$(BUILT_PRODUCTS_DIR)/Kiosk.app/Kiosk</string>
			</dict>
			<key>isa</key>
			<string>XCBuildConfiguration</string>
			<key>name</key>
			<string>Debug</string>
		</dict>
		<key>5E59DD5119913DD900A48370</key>
		<dict>
			<key>baseConfigurationReference</key>
			<string>E0AF629BE597B472D2C3D0AB</string>
			<key>buildSettings</key>
			<dict>
				<key>BUNDLE_LOADER</key>
				<string>$(TEST_HOST)</string>
				<key>CLANG_ENABLE_MODULES</key>
				<string>YES</string>
				<key>FRAMEWORK_SEARCH_PATHS</key>
				<array>
					<string>$(SDKROOT)/Developer/Library/Frameworks</string>
					<string>$(inherited)</string>
				</array>
				<key>INFOPLIST_FILE</key>
				<string>KioskTests/Supporting Files/Info.plist</string>
				<key>LD_RUNPATH_SEARCH_PATHS</key>
				<string>$(inherited) @executable_path/Frameworks @loader_path/Frameworks</string>
				<key>PRODUCT_NAME</key>
				<string>$(TARGET_NAME)</string>
				<key>SWIFT_OBJC_BRIDGING_HEADER</key>
				<string>KioskTests/KioskTests-Bridging-Header.h</string>
				<key>TEST_HOST</key>
				<string>$(BUILT_PRODUCTS_DIR)/Kiosk.app/Kiosk</string>
			</dict>
			<key>isa</key>
			<string>XCBuildConfiguration</string>
			<key>name</key>
			<string>Beta</string>
		</dict>
		<key>5E59DD53199147EC00A48370</key>
		<dict>
			<key>isa</key>
			<string>PBXFileReference</string>
			<key>lastKnownFileType</key>
			<string>sourcecode.c.h</string>
			<key>path</key>
			<string>PodsBridgingHeader.h</string>
			<key>sourceTree</key>
			<string>&lt;group&gt;</string>
		</dict>
		<key>5E6ED5FA19C07A4300CF3398</key>
		<dict>
			<key>fileEncoding</key>
			<string>4</string>
			<key>isa</key>
			<string>PBXFileReference</string>
			<key>lastKnownFileType</key>
			<string>sourcecode.swift</string>
			<key>name</key>
			<string>Endpoint.swift</string>
			<key>path</key>
			<string>submodules/Moya/Endpoint.swift</string>
			<key>sourceTree</key>
			<string>SOURCE_ROOT</string>
		</dict>
		<key>5E6ED5FB19C07A4300CF3398</key>
		<dict>
			<key>fileEncoding</key>
			<string>4</string>
			<key>isa</key>
			<string>PBXFileReference</string>
			<key>lastKnownFileType</key>
			<string>sourcecode.swift</string>
			<key>name</key>
			<string>Moya.swift</string>
			<key>path</key>
			<string>submodules/Moya/Moya.swift</string>
			<key>sourceTree</key>
			<string>SOURCE_ROOT</string>
		</dict>
		<key>5E6ED5FC19C07A4300CF3398</key>
		<dict>
			<key>fileEncoding</key>
			<string>4</string>
			<key>isa</key>
			<string>PBXFileReference</string>
			<key>lastKnownFileType</key>
			<string>sourcecode.swift</string>
			<key>name</key>
			<string>Moya+ReactiveCocoa.swift</string>
			<key>path</key>
			<string>submodules/Moya/Moya+ReactiveCocoa.swift</string>
			<key>sourceTree</key>
			<string>SOURCE_ROOT</string>
		</dict>
		<key>5E6ED5FD19C07A4300CF3398</key>
		<dict>
			<key>fileEncoding</key>
			<string>4</string>
			<key>isa</key>
			<string>PBXFileReference</string>
			<key>lastKnownFileType</key>
			<string>sourcecode.swift</string>
			<key>name</key>
			<string>RACSignal+Moya.swift</string>
			<key>path</key>
			<string>submodules/Moya/RACSignal+Moya.swift</string>
			<key>sourceTree</key>
			<string>SOURCE_ROOT</string>
		</dict>
		<key>5E6ED5FE19C07A4300CF3398</key>
		<dict>
			<key>fileRef</key>
			<string>5E6ED5FA19C07A4300CF3398</string>
			<key>isa</key>
			<string>PBXBuildFile</string>
		</dict>
		<key>5E6ED5FF19C07A4300CF3398</key>
		<dict>
			<key>fileRef</key>
			<string>5E6ED5FB19C07A4300CF3398</string>
			<key>isa</key>
			<string>PBXBuildFile</string>
		</dict>
		<key>5E6ED60019C07A4300CF3398</key>
		<dict>
			<key>fileRef</key>
			<string>5E6ED5FC19C07A4300CF3398</string>
			<key>isa</key>
			<string>PBXBuildFile</string>
		</dict>
		<key>5E6ED60119C07A4300CF3398</key>
		<dict>
			<key>fileRef</key>
			<string>5E6ED5FD19C07A4300CF3398</string>
			<key>isa</key>
			<string>PBXBuildFile</string>
		</dict>
		<key>5E6ED60A19C07A4A00CF3398</key>
		<dict>
			<key>children</key>
			<array>
				<string>5E6ED5FA19C07A4300CF3398</string>
				<string>5E6ED5FB19C07A4300CF3398</string>
				<string>5E6ED5FC19C07A4300CF3398</string>
				<string>5E6ED5FD19C07A4300CF3398</string>
			</array>
			<key>isa</key>
			<string>PBXGroup</string>
			<key>name</key>
			<string>Moya</string>
			<key>sourceTree</key>
			<string>&lt;group&gt;</string>
		</dict>
		<key>5E6ED60B19C07AC300CF3398</key>
		<dict>
			<key>isa</key>
			<string>PBXFileReference</string>
			<key>lastKnownFileType</key>
			<string>wrapper.pb-project</string>
			<key>name</key>
			<string>Alamofire.xcodeproj</string>
			<key>path</key>
			<string>submodules/Moya/submodules/Alamofire/Alamofire.xcodeproj</string>
			<key>sourceTree</key>
			<string>SOURCE_ROOT</string>
		</dict>
		<key>5E6ED60C19C07AC300CF3398</key>
		<dict>
			<key>children</key>
			<array>
				<string>5E6ED61119C07AC300CF3398</string>
				<string>5E6ED61319C07AC300CF3398</string>
			</array>
			<key>isa</key>
			<string>PBXGroup</string>
			<key>name</key>
			<string>Products</string>
			<key>sourceTree</key>
			<string>&lt;group&gt;</string>
		</dict>
		<key>5E6ED61019C07AC300CF3398</key>
		<dict>
			<key>containerPortal</key>
			<string>5E6ED60B19C07AC300CF3398</string>
			<key>isa</key>
			<string>PBXContainerItemProxy</string>
			<key>proxyType</key>
			<string>2</string>
			<key>remoteGlobalIDString</key>
			<string>F8111E3319A95C8B0040E7D1</string>
			<key>remoteInfo</key>
			<string>Alamofire</string>
		</dict>
		<key>5E6ED61119C07AC300CF3398</key>
		<dict>
			<key>fileType</key>
			<string>wrapper.framework</string>
			<key>isa</key>
			<string>PBXReferenceProxy</string>
			<key>path</key>
			<string>Alamofire.framework</string>
			<key>remoteRef</key>
			<string>5E6ED61019C07AC300CF3398</string>
			<key>sourceTree</key>
			<string>BUILT_PRODUCTS_DIR</string>
		</dict>
		<key>5E6ED61219C07AC300CF3398</key>
		<dict>
			<key>containerPortal</key>
			<string>5E6ED60B19C07AC300CF3398</string>
			<key>isa</key>
			<string>PBXContainerItemProxy</string>
			<key>proxyType</key>
			<string>2</string>
			<key>remoteGlobalIDString</key>
			<string>F8111E3E19A95C8B0040E7D1</string>
			<key>remoteInfo</key>
			<string>AlamofireTests</string>
		</dict>
		<key>5E6ED61319C07AC300CF3398</key>
		<dict>
			<key>fileType</key>
			<string>wrapper.cfbundle</string>
			<key>isa</key>
			<string>PBXReferenceProxy</string>
			<key>path</key>
			<string>AlamofireTests.xctest</string>
			<key>remoteRef</key>
			<string>5E6ED61219C07AC300CF3398</string>
			<key>sourceTree</key>
			<string>BUILT_PRODUCTS_DIR</string>
		</dict>
		<key>5E6ED61419C07ADF00CF3398</key>
		<dict>
			<key>fileRef</key>
			<string>5E6ED61119C07AC300CF3398</string>
			<key>isa</key>
			<string>PBXBuildFile</string>
		</dict>
		<key>5E6ED61519C07AE400CF3398</key>
		<dict>
			<key>containerPortal</key>
			<string>5E6ED60B19C07AC300CF3398</string>
			<key>isa</key>
			<string>PBXContainerItemProxy</string>
			<key>proxyType</key>
			<string>1</string>
			<key>remoteGlobalIDString</key>
			<string>F8111E3219A95C8B0040E7D1</string>
			<key>remoteInfo</key>
			<string>Alamofire</string>
		</dict>
		<key>5E6ED61619C07AE400CF3398</key>
		<dict>
			<key>isa</key>
			<string>PBXTargetDependency</string>
			<key>name</key>
			<string>Alamofire</string>
			<key>targetProxy</key>
			<string>5E6ED61519C07AE400CF3398</string>
		</dict>
		<key>5ED0997319C31D6200E5DD59</key>
		<dict>
			<key>children</key>
			<array>
				<string>5ED0997D19C31D8F00E5DD59</string>
				<string>5E3E53F319C3AC3B002D8B9D</string>
			</array>
			<key>isa</key>
			<string>PBXGroup</string>
			<key>name</key>
			<string>Stubbed Responses</string>
			<key>sourceTree</key>
			<string>&lt;group&gt;</string>
		</dict>
		<key>5ED0997D19C31D8F00E5DD59</key>
		<dict>
			<key>fileEncoding</key>
			<string>4</string>
			<key>isa</key>
			<string>PBXFileReference</string>
			<key>lastKnownFileType</key>
			<string>text.json</string>
			<key>name</key>
			<string>XApp.json</string>
			<key>path</key>
			<string>Stubbed Responses/XApp.json</string>
			<key>sourceTree</key>
			<string>&lt;group&gt;</string>
		</dict>
		<key>5ED0997F19C31D8F00E5DD59</key>
		<dict>
			<key>fileRef</key>
			<string>5ED0997D19C31D8F00E5DD59</string>
			<key>isa</key>
			<string>PBXBuildFile</string>
		</dict>
		<key>5EEE582D19B8AF4E007B01D0</key>
		<dict>
			<key>fileEncoding</key>
			<string>4</string>
			<key>isa</key>
			<string>PBXFileReference</string>
			<key>lastKnownFileType</key>
			<string>file.storyboard</string>
			<key>path</key>
			<string>Auction.storyboard</string>
			<key>sourceTree</key>
			<string>&lt;group&gt;</string>
		</dict>
		<key>5EEE582E19B8AF4E007B01D0</key>
		<dict>
			<key>fileRef</key>
			<string>5EEE582D19B8AF4E007B01D0</string>
			<key>isa</key>
			<string>PBXBuildFile</string>
		</dict>
		<key>5EEE583519B8AFD4007B01D0</key>
		<dict>
			<key>fileEncoding</key>
			<string>4</string>
			<key>isa</key>
			<string>PBXFileReference</string>
			<key>lastKnownFileType</key>
			<string>file.storyboard</string>
			<key>path</key>
			<string>Fulfillment.storyboard</string>
			<key>sourceTree</key>
			<string>&lt;group&gt;</string>
		</dict>
		<key>5EEE583619B8AFD4007B01D0</key>
		<dict>
			<key>fileRef</key>
			<string>5EEE583519B8AFD4007B01D0</string>
			<key>isa</key>
			<string>PBXBuildFile</string>
		</dict>
		<key>603F8CAA19BDF77700B162C7</key>
		<dict>
			<key>children</key>
			<array>
				<string>603F8CB119BDF77700B162C7</string>
				<string>603F8CB319BDF77700B162C7</string>
				<string>603F8CB519BDF77700B162C7</string>
				<string>603F8CB719BDF77700B162C7</string>
			</array>
			<key>isa</key>
			<string>PBXGroup</string>
			<key>name</key>
			<string>Products</string>
			<key>sourceTree</key>
			<string>&lt;group&gt;</string>
		</dict>
		<key>603F8CB019BDF77700B162C7</key>
		<dict>
			<key>containerPortal</key>
			<string>5E28C2031993B9E50066DB4D</string>
			<key>isa</key>
			<string>PBXContainerItemProxy</string>
			<key>proxyType</key>
			<string>2</string>
			<key>remoteGlobalIDString</key>
			<string>1F1A74291940169200FFFC47</string>
			<key>remoteInfo</key>
			<string>Nimble-iOS</string>
		</dict>
		<key>603F8CB119BDF77700B162C7</key>
		<dict>
			<key>fileType</key>
			<string>wrapper.framework</string>
			<key>isa</key>
			<string>PBXReferenceProxy</string>
			<key>path</key>
			<string>Nimble.framework</string>
			<key>remoteRef</key>
			<string>603F8CB019BDF77700B162C7</string>
			<key>sourceTree</key>
			<string>BUILT_PRODUCTS_DIR</string>
		</dict>
		<key>603F8CB219BDF77700B162C7</key>
		<dict>
			<key>containerPortal</key>
			<string>5E28C2031993B9E50066DB4D</string>
			<key>isa</key>
			<string>PBXContainerItemProxy</string>
			<key>proxyType</key>
			<string>2</string>
			<key>remoteGlobalIDString</key>
			<string>1F1A74341940169200FFFC47</string>
			<key>remoteInfo</key>
			<string>Nimble-iOSTests</string>
		</dict>
		<key>603F8CB319BDF77700B162C7</key>
		<dict>
			<key>fileType</key>
			<string>wrapper.cfbundle</string>
			<key>isa</key>
			<string>PBXReferenceProxy</string>
			<key>path</key>
			<string>NimbleTests.xctest</string>
			<key>remoteRef</key>
			<string>603F8CB219BDF77700B162C7</string>
			<key>sourceTree</key>
			<string>BUILT_PRODUCTS_DIR</string>
		</dict>
		<key>603F8CB419BDF77700B162C7</key>
		<dict>
			<key>containerPortal</key>
			<string>5E28C2031993B9E50066DB4D</string>
			<key>isa</key>
			<string>PBXContainerItemProxy</string>
			<key>proxyType</key>
			<string>2</string>
			<key>remoteGlobalIDString</key>
			<string>1F925EAD195C0D6300ED456B</string>
			<key>remoteInfo</key>
			<string>Nimble-OSX</string>
		</dict>
		<key>603F8CB519BDF77700B162C7</key>
		<dict>
			<key>fileType</key>
			<string>wrapper.framework</string>
			<key>isa</key>
			<string>PBXReferenceProxy</string>
			<key>path</key>
			<string>Nimble.framework</string>
			<key>remoteRef</key>
			<string>603F8CB419BDF77700B162C7</string>
			<key>sourceTree</key>
			<string>BUILT_PRODUCTS_DIR</string>
		</dict>
		<key>603F8CB619BDF77700B162C7</key>
		<dict>
			<key>containerPortal</key>
			<string>5E28C2031993B9E50066DB4D</string>
			<key>isa</key>
			<string>PBXContainerItemProxy</string>
			<key>proxyType</key>
			<string>2</string>
			<key>remoteGlobalIDString</key>
			<string>1F925EB7195C0D6300ED456B</string>
			<key>remoteInfo</key>
			<string>Nimble-OSXTests</string>
		</dict>
		<key>603F8CB719BDF77700B162C7</key>
		<dict>
			<key>fileType</key>
			<string>wrapper.cfbundle</string>
			<key>isa</key>
			<string>PBXReferenceProxy</string>
			<key>path</key>
			<string>Nimble-OSXTests.xctest</string>
			<key>remoteRef</key>
			<string>603F8CB619BDF77700B162C7</string>
			<key>sourceTree</key>
			<string>BUILT_PRODUCTS_DIR</string>
		</dict>
		<key>603F8CB919BDF78A00B162C7</key>
		<dict>
			<key>children</key>
			<array>
				<string>603F8CC019BDF78A00B162C7</string>
				<string>603F8CC219BDF78A00B162C7</string>
				<string>603F8CC419BDF78A00B162C7</string>
				<string>603F8CC619BDF78A00B162C7</string>
			</array>
			<key>isa</key>
			<string>PBXGroup</string>
			<key>name</key>
			<string>Products</string>
			<key>sourceTree</key>
			<string>&lt;group&gt;</string>
		</dict>
		<key>603F8CBF19BDF78A00B162C7</key>
		<dict>
			<key>containerPortal</key>
			<string>5E28C1F31993B9D10066DB4D</string>
			<key>isa</key>
			<string>PBXContainerItemProxy</string>
			<key>proxyType</key>
			<string>2</string>
			<key>remoteGlobalIDString</key>
			<string>DAEB6B8E1943873100289F44</string>
			<key>remoteInfo</key>
			<string>Quick</string>
		</dict>
		<key>603F8CC019BDF78A00B162C7</key>
		<dict>
			<key>fileType</key>
			<string>wrapper.framework</string>
			<key>isa</key>
			<string>PBXReferenceProxy</string>
			<key>path</key>
			<string>Quick.framework</string>
			<key>remoteRef</key>
			<string>603F8CBF19BDF78A00B162C7</string>
			<key>sourceTree</key>
			<string>BUILT_PRODUCTS_DIR</string>
		</dict>
		<key>603F8CC119BDF78A00B162C7</key>
		<dict>
			<key>containerPortal</key>
			<string>5E28C1F31993B9D10066DB4D</string>
			<key>isa</key>
			<string>PBXContainerItemProxy</string>
			<key>proxyType</key>
			<string>2</string>
			<key>remoteGlobalIDString</key>
			<string>DAEB6B991943873100289F44</string>
			<key>remoteInfo</key>
			<string>QuickTests</string>
		</dict>
		<key>603F8CC219BDF78A00B162C7</key>
		<dict>
			<key>fileType</key>
			<string>wrapper.cfbundle</string>
			<key>isa</key>
			<string>PBXReferenceProxy</string>
			<key>path</key>
			<string>QuickTests.xctest</string>
			<key>remoteRef</key>
			<string>603F8CC119BDF78A00B162C7</string>
			<key>sourceTree</key>
			<string>BUILT_PRODUCTS_DIR</string>
		</dict>
		<key>603F8CC319BDF78A00B162C7</key>
		<dict>
			<key>containerPortal</key>
			<string>5E28C1F31993B9D10066DB4D</string>
			<key>isa</key>
			<string>PBXContainerItemProxy</string>
			<key>proxyType</key>
			<string>2</string>
			<key>remoteGlobalIDString</key>
			<string>5A5D117C19473F2100F6D13D</string>
			<key>remoteInfo</key>
			<string>Quick-iOS</string>
		</dict>
		<key>603F8CC419BDF78A00B162C7</key>
		<dict>
			<key>fileType</key>
			<string>wrapper.framework</string>
			<key>isa</key>
			<string>PBXReferenceProxy</string>
			<key>path</key>
			<string>Quick.framework</string>
			<key>remoteRef</key>
			<string>603F8CC319BDF78A00B162C7</string>
			<key>sourceTree</key>
			<string>BUILT_PRODUCTS_DIR</string>
		</dict>
		<key>603F8CC519BDF78A00B162C7</key>
		<dict>
			<key>containerPortal</key>
			<string>5E28C1F31993B9D10066DB4D</string>
			<key>isa</key>
			<string>PBXContainerItemProxy</string>
			<key>proxyType</key>
			<string>2</string>
			<key>remoteGlobalIDString</key>
			<string>5A5D118619473F2100F6D13D</string>
			<key>remoteInfo</key>
			<string>Quick-iOSTests</string>
		</dict>
		<key>603F8CC619BDF78A00B162C7</key>
		<dict>
			<key>fileType</key>
			<string>wrapper.cfbundle</string>
			<key>isa</key>
			<string>PBXReferenceProxy</string>
			<key>path</key>
			<string>Quick-iOSTests.xctest</string>
			<key>remoteRef</key>
			<string>603F8CC519BDF78A00B162C7</string>
			<key>sourceTree</key>
			<string>BUILT_PRODUCTS_DIR</string>
		</dict>
		<key>603F8CC719BDF80C00B162C7</key>
		<dict>
			<key>fileRef</key>
			<string>603F8CB119BDF77700B162C7</string>
			<key>isa</key>
			<string>PBXBuildFile</string>
		</dict>
		<key>603F8CC819BDF80C00B162C7</key>
		<dict>
			<key>fileRef</key>
			<string>603F8CC419BDF78A00B162C7</string>
			<key>isa</key>
			<string>PBXBuildFile</string>
		</dict>
		<key>6086143919BA303700699FBC</key>
		<dict>
			<key>children</key>
			<array>
				<string>60F444EA19BDE0110030409F</string>
				<string>6086143A19BA304100699FBC</string>
			</array>
			<key>isa</key>
			<string>PBXGroup</string>
			<key>path</key>
			<string>Views</string>
			<key>sourceTree</key>
			<string>&lt;group&gt;</string>
		</dict>
		<key>6086143A19BA304100699FBC</key>
		<dict>
			<key>children</key>
			<array/>
			<key>isa</key>
			<string>PBXGroup</string>
			<key>name</key>
			<string>labels</string>
			<key>path</key>
			<string>Label Subclasses</string>
			<key>sourceTree</key>
			<string>&lt;group&gt;</string>
		</dict>
		<key>6086143B19BA304F00699FBC</key>
		<dict>
			<key>children</key>
			<array>
				<string>5EEE582D19B8AF4E007B01D0</string>
				<string>5EEE583519B8AFD4007B01D0</string>
				<string>60F104E319C0FB93002FF30C</string>
			</array>
			<key>isa</key>
			<string>PBXGroup</string>
			<key>path</key>
			<string>Storyboards</string>
			<key>sourceTree</key>
			<string>&lt;group&gt;</string>
		</dict>
		<key>6086143C19BA306800699FBC</key>
		<dict>
			<key>children</key>
			<array>
				<string>6086143919BA303700699FBC</string>
				<string>5E59DD3519913DD800A48370</string>
				<string>5E37FF8819C1AD8100CA348E</string>
				<string>5E3E53E519C3AA13002D8B9D</string>
			</array>
			<key>isa</key>
			<string>PBXGroup</string>
			<key>path</key>
			<string>App</string>
			<key>sourceTree</key>
			<string>&lt;group&gt;</string>
		</dict>
		<key>6086143D19BA307300699FBC</key>
		<dict>
			<key>children</key>
			<array>
				<string>60A3BC2D19BA01DC00EF3907</string>
				<string>60A8E7C419BE50640088ACEC</string>
			</array>
			<key>isa</key>
			<string>PBXGroup</string>
			<key>path</key>
			<string>Bid Fulfillment</string>
			<key>sourceTree</key>
			<string>&lt;group&gt;</string>
		</dict>
		<key>608E917F19C0B88200AF4E83</key>
		<dict>
			<key>children</key>
			<array/>
			<key>isa</key>
			<string>PBXGroup</string>
			<key>path</key>
			<string>Card Handling</string>
			<key>sourceTree</key>
			<string>&lt;group&gt;</string>
		</dict>
		<key>60A3BBE419B9F14C00EF3907</key>
		<dict>
			<key>fileEncoding</key>
			<string>4</string>
			<key>isa</key>
			<string>PBXFileReference</string>
			<key>lastKnownFileType</key>
			<string>sourcecode.swift</string>
			<key>path</key>
			<string>ListViewControllerTests.swift</string>
			<key>sourceTree</key>
			<string>&lt;group&gt;</string>
		</dict>
		<key>60A3BBE519B9F14C00EF3907</key>
		<dict>
			<key>fileRef</key>
			<string>60A3BBE419B9F14C00EF3907</string>
			<key>isa</key>
			<string>PBXBuildFile</string>
		</dict>
		<key>60A3BC2D19BA01DC00EF3907</key>
		<dict>
			<key>fileEncoding</key>
			<string>4</string>
			<key>isa</key>
			<string>PBXFileReference</string>
			<key>lastKnownFileType</key>
			<string>sourcecode.swift</string>
			<key>path</key>
			<string>PlaceBidViewController.swift</string>
			<key>sourceTree</key>
			<string>&lt;group&gt;</string>
		</dict>
		<key>60A3BC2E19BA01DC00EF3907</key>
		<dict>
			<key>fileRef</key>
			<string>60A3BC2D19BA01DC00EF3907</string>
			<key>isa</key>
			<string>PBXBuildFile</string>
		</dict>
		<key>60A3BC2F19BA054200EF3907</key>
		<dict>
			<key>fileEncoding</key>
			<string>4</string>
			<key>isa</key>
			<string>PBXFileReference</string>
			<key>lastKnownFileType</key>
			<string>sourcecode.swift</string>
			<key>path</key>
			<string>PlaceBidViewControllerTests.swift</string>
			<key>sourceTree</key>
			<string>&lt;group&gt;</string>
		</dict>
		<key>60A3BC3019BA054200EF3907</key>
		<dict>
			<key>fileRef</key>
			<string>60A3BC2F19BA054200EF3907</string>
			<key>isa</key>
			<string>PBXBuildFile</string>
		</dict>
		<key>60A8E7C419BE50640088ACEC</key>
		<dict>
			<key>fileEncoding</key>
			<string>4</string>
			<key>isa</key>
			<string>PBXFileReference</string>
			<key>lastKnownFileType</key>
			<string>sourcecode.swift</string>
			<key>path</key>
			<string>FulfillmentContainerViewController.swift</string>
			<key>sourceTree</key>
			<string>&lt;group&gt;</string>
		</dict>
		<key>60A8E7C519BE50640088ACEC</key>
		<dict>
			<key>fileRef</key>
			<string>60A8E7C419BE50640088ACEC</string>
			<key>isa</key>
			<string>PBXBuildFile</string>
		</dict>
		<key>60A8E7CE19BE5B7F0088ACEC</key>
		<dict>
			<key>fileEncoding</key>
			<string>4</string>
			<key>isa</key>
			<string>PBXFileReference</string>
			<key>lastKnownFileType</key>
			<string>sourcecode.swift</string>
			<key>path</key>
			<string>FulfillmentContainerViewControllerTests.swift</string>
			<key>sourceTree</key>
			<string>&lt;group&gt;</string>
		</dict>
		<key>60A8E7CF19BE5B7F0088ACEC</key>
		<dict>
			<key>fileRef</key>
			<string>60A8E7CE19BE5B7F0088ACEC</string>
			<key>isa</key>
			<string>PBXBuildFile</string>
		</dict>
		<key>60C07A1719BE02A800868951</key>
		<dict>
			<key>fileRef</key>
			<string>5E2765FA19940F760003BAFA</string>
			<key>isa</key>
			<string>PBXBuildFile</string>
		</dict>
		<key>60C07A2019BE05E500868951</key>
		<dict>
			<key>fileEncoding</key>
			<string>4</string>
			<key>isa</key>
			<string>PBXFileReference</string>
			<key>lastKnownFileType</key>
			<string>sourcecode.swift</string>
			<key>path</key>
			<string>ARButtonTests.swift</string>
			<key>sourceTree</key>
			<string>&lt;group&gt;</string>
		</dict>
		<key>60C07A2119BE05E500868951</key>
		<dict>
			<key>fileRef</key>
			<string>60C07A2019BE05E500868951</string>
			<key>isa</key>
			<string>PBXBuildFile</string>
		</dict>
		<key>60F104E319C0FB93002FF30C</key>
		<dict>
			<key>fileEncoding</key>
			<string>4</string>
			<key>isa</key>
			<string>PBXFileReference</string>
			<key>lastKnownFileType</key>
			<string>sourcecode.swift</string>
			<key>path</key>
			<string>StoryboardIdentifiers.swift</string>
			<key>sourceTree</key>
			<string>&lt;group&gt;</string>
		</dict>
		<key>60F104E419C0FB94002FF30C</key>
		<dict>
			<key>fileRef</key>
			<string>60F104E319C0FB93002FF30C</string>
			<key>isa</key>
			<string>PBXBuildFile</string>
		</dict>
		<key>60F444EA19BDE0110030409F</key>
		<dict>
			<key>children</key>
			<array>
				<string>60F444EB19BDE0320030409F</string>
			</array>
			<key>isa</key>
			<string>PBXGroup</string>
			<key>name</key>
			<string>buttons</string>
			<key>sourceTree</key>
			<string>&lt;group&gt;</string>
		</dict>
		<key>60F444EB19BDE0320030409F</key>
		<dict>
			<key>fileEncoding</key>
			<string>4</string>
			<key>isa</key>
			<string>PBXFileReference</string>
			<key>lastKnownFileType</key>
			<string>sourcecode.swift</string>
			<key>name</key>
			<string>Button.swift</string>
			<key>path</key>
			<string>Button Subclasses/Button.swift</string>
			<key>sourceTree</key>
			<string>&lt;group&gt;</string>
		</dict>
		<key>60F444EC19BDE0320030409F</key>
		<dict>
			<key>fileRef</key>
			<string>60F444EB19BDE0320030409F</string>
			<key>isa</key>
			<string>PBXBuildFile</string>
		</dict>
		<key>7D151931B70C40DA1918308E</key>
		<dict>
			<key>fileRef</key>
			<string>F02362ED531B4468B9C73044</string>
			<key>isa</key>
			<string>PBXBuildFile</string>
		</dict>
		<key>961918F1D3EF491EA0AF220C</key>
		<dict>
			<key>fileRef</key>
			<string>21A6ABDCBFE147D99BAEBD31</string>
			<key>isa</key>
			<string>PBXBuildFile</string>
		</dict>
		<key>9AFA421DD5E649B89E128C8F</key>
		<dict>
			<key>buildActionMask</key>
			<string>2147483647</string>
			<key>files</key>
			<array/>
			<key>inputPaths</key>
			<array/>
			<key>isa</key>
			<string>PBXShellScriptBuildPhase</string>
			<key>name</key>
			<string>Copy Pods Resources</string>
			<key>outputPaths</key>
			<array/>
			<key>runOnlyForDeploymentPostprocessing</key>
			<string>0</string>
			<key>shellPath</key>
			<string>/bin/sh</string>
			<key>shellScript</key>
			<string>"${SRCROOT}/Pods/Target Support Files/Pods/Pods-resources.sh"
</string>
			<key>showEnvVarsInLog</key>
			<string>0</string>
		</dict>
		<key>A165BB63FB9541B4A59991F6</key>
		<dict>
			<key>fileRef</key>
			<string>21A6ABDCBFE147D99BAEBD31</string>
			<key>isa</key>
			<string>PBXBuildFile</string>
		</dict>
		<key>BCC67151F7666EDFDF63D3A7</key>
		<dict>
			<key>includeInIndex</key>
			<string>1</string>
			<key>isa</key>
			<string>PBXFileReference</string>
			<key>lastKnownFileType</key>
			<string>text.xcconfig</string>
			<key>name</key>
			<string>Pods-KioskTests.debug.xcconfig</string>
			<key>path</key>
			<string>Pods/Target Support Files/Pods-KioskTests/Pods-KioskTests.debug.xcconfig</string>
			<key>sourceTree</key>
			<string>&lt;group&gt;</string>
		</dict>
		<key>E0AF629BE597B472D2C3D0AB</key>
		<dict>
			<key>includeInIndex</key>
			<string>1</string>
			<key>isa</key>
			<string>PBXFileReference</string>
			<key>lastKnownFileType</key>
			<string>text.xcconfig</string>
			<key>name</key>
			<string>Pods-KioskTests.beta.xcconfig</string>
			<key>path</key>
			<string>Pods/Target Support Files/Pods-KioskTests/Pods-KioskTests.beta.xcconfig</string>
			<key>sourceTree</key>
			<string>&lt;group&gt;</string>
		</dict>
		<key>F02362ED531B4468B9C73044</key>
		<dict>
			<key>explicitFileType</key>
			<string>archive.ar</string>
			<key>includeInIndex</key>
			<string>0</string>
			<key>isa</key>
			<string>PBXFileReference</string>
			<key>path</key>
			<string>libPods-KioskTests.a</string>
			<key>sourceTree</key>
			<string>BUILT_PRODUCTS_DIR</string>
		</dict>
	</dict>
	<key>rootObject</key>
	<string>5E59DD2819913DD800A48370</string>
</dict>
</plist>
